{"1.1.0",
[{<<"elli">>,{pkg,<<"elli">>,<<"3.2.0">>},0},
 {<<"gleam_experimental_elli">>,
  {git,"https://github.com/gleam-lang/gleam_experimental_elli",
       {ref,"90e42265810a1e8229f1fb44287b332ec20e677f"}},
  0},
 {<<"gleam_http">>,
  {git,"https://github.com/gleam-lang/gleam_http",
       {ref,"8f7b4ec790bb0549599fe9ef199a338e3e6b143c"}},
  0},
 {<<"gleam_stdlib">>,{pkg,<<"gleam_stdlib">>,<<"0.4.0">>},0}]}.
[
{pkg_hash,[
 {<<"elli">>, <<"7842861819869EBBFF7230BC77ECF2DF551AE3EAEF5FDE6B01A7561CACCB811E">>},
 {<<"gleam_stdlib">>, <<"4A53A69AA534D22BAE6E4BFDDBFEBB3A9012B1713E6D4B0ECCDD0A2DAF8824DC">>}]}
].
