{"1.2.0",
[{<<"elli">>,{pkg,<<"elli">>,<<"3.3.0">>},0},
 {<<"gleam_elli">>,{pkg,<<"gleam_elli">>,<<"0.2.1">>},0},
 {<<"gleam_http">>,{pkg,<<"gleam_http">>,<<"2.0.0">>},0},
 {<<"gleam_otp">>,{pkg,<<"gleam_otp">>,<<"0.1.4">>},0},
 {<<"gleam_stdlib">>,{pkg,<<"gleam_stdlib">>,<<"0.14.0">>},0}]}.
[
{pkg_hash,[
 {<<"elli">>, <<"089218762A7FF3D20AE81C8E911BD0F73EE4EE0ED85454226D1FC6B4FFF3B4F6">>},
 {<<"gleam_elli">>, <<"B0339002A385048AC0701A381CD62B6FAFBCBB0743104A072D05D28898914D7E">>},
 {<<"gleam_http">>, <<"5CEDF334F58A5C646A302DB98CEFAFC36C34606C8F479CB5AB27ED3C06A5C546">>},
 {<<"gleam_otp">>, <<"68ADB5A9EDE026804AF8CB7D3826859094529CD7B6DA4AC5FC6BEC7B53A62A80">>},
 {<<"gleam_stdlib">>, <<"765D90AC06F97D7A8E8F7AC4BEDA373879D98C78A27FD8DEACC98AA34DA2DDCE">>}]},
{pkg_hash_ext,[
 {<<"elli">>, <<"698B13B33D05661DB9FE7EFCBA41B84825A379CCE86E486CF6AFF9285BE0CCF8">>},
 {<<"gleam_elli">>, <<"AAE4CD50DC322A067C3BEFEECC2026B6DB81A2817A34617435ABECEECBCC4D3E">>},
 {<<"gleam_http">>, <<"0FC0D01067E15E7AEC0A46F5897962217EAE9D3EA12FBAB1C0B6813822B6A1F3">>},
 {<<"gleam_otp">>, <<"C36B2709E1703CE8582CDC4058E332A9BF8A2A4517E1813F0C761355C83E924B">>},
 {<<"gleam_stdlib">>, <<"9107F6A859CB96945AD9A099085DB028CA2BEBB3C8EA42EEC227B51C614CC2E0">>}]}
].
